> equipos-backend@1.0.0 start
> prisma migrate deploy && node src/app.js
Prisma schema loaded from prisma/schema.prisma
Datasource "db": PostgreSQL database "railway", schema "public" at "hopper.proxy.rlwy.net:29625"
3 migrations found in prisma/migrations
No pending migrations to apply.
node:internal/modules/cjs/loader:1210
  throw err;
  ^
Error: Cannot find module 'google-auth-library'
Require stack:
- /opt/render/project/src/server/src/auth.js
- /opt/render/project/src/server/src/app.js
    at Module._resolveFilename (node:internal/modules/cjs/loader:1207:15)
    at Module._load (node:internal/modules/cjs/loader:1038:27)
    at Module.require (node:internal/modules/cjs/loader:1289:19)
    at require (node:internal/modules/helpers:182:18)
    at Object.<anonymous> (/opt/render/project/src/server/src/auth.js:4:26)
    at Module._compile (node:internal/modules/cjs/loader:1521:14)
    at Module._extensions..js (node:internal/modules/cjs/loader:1623:10)
    at Module.load (node:internal/modules/cjs/loader:1266:32)
    at Module._load (node:internal/modules/cjs/loader:1091:12)
    at Module.require (node:internal/modules/cjs/loader:1289:19) {
  code: 'MODULE_NOT_FOUND',
  requireStack: [
    '/opt/render/project/src/server/src/auth.js',
    '/opt/render/project/src/server/src/app.js'
  ]
}
Node.js v20.20.0
